Microsoft Visual Studio Solution File, Format Version 10.00
# Visual Studio 2008
Project("{2150E333-8FDC-42A3-9474-1A3956D46DE8}") = "(base)", "base", "{9785FB75-982A-5DE3-252D-3F288B9FEF5B}"
EndProject
Project("{2150E333-8FDC-42A3-9474-1A3956D46DE8}") = "(build)", "build", "{BC1FC5DA-9C54-7D77-0BFF-DEDDFD7A8F6C}"
EndProject
Project("{2150E333-8FDC-42A3-9474-1A3956D46DE8}") = "(dynamic_annotations)", "base\third_party\dynamic_annotations", "{EF1E4970-C119-B0D7-F5D6-321C6AE66EDC}"
EndProject
Project("{2150E333-8FDC-42A3-9474-1A3956D46DE8}") = "(icu)", "third_party\icu", "{2DE59335-96CE-10CA-CDE5-FEC35E3549BB}"
EndProject
Project("{2150E333-8FDC-42A3-9474-1A3956D46DE8}") = "(nss)", "third_party\nss", "{CD014008-1CDB-809B-D770-C67A261539F7}"
EndProject
Project("{2150E333-8FDC-42A3-9474-1A3956D46DE8}") = "(sawdust)", "sawdust", "{2C7350D7-3D9C-D5D4-97E2-56CC9BA9DE0C}"
EndProject
Project("{2150E333-8FDC-42A3-9474-1A3956D46DE8}") = "(temp_gyp)", "build\temp_gyp", "{299D9456-929B-5224-943D-BFC2576C69EA}"
EndProject
Project("{2150E333-8FDC-42A3-9474-1A3956D46DE8}") = "(testing)", "testing", "{EAC80D00-01D2-3F49-A377-20B7154947F3}"
EndProject
Project("{2150E333-8FDC-42A3-9474-1A3956D46DE8}") = "(third_party)", "base\third_party", "{3E7FA5AF-27B3-2DE0-883C-12F98E7F4E81}"
EndProject
Project("{2150E333-8FDC-42A3-9474-1A3956D46DE8}") = "(third_party)", "third_party", "{89C816A7-DD31-D54C-C69C-5A80E0C49B77}"
EndProject
Project("{2150E333-8FDC-42A3-9474-1A3956D46DE8}") = "(tracer)", "sawdust\tracer", "{EC7A8876-AEF7-407F-0781-624A652F9AB7}"
EndProject
Project("{8BC9CEB8-8B4A-11D0-8D11-00A0C91BC942}") = "base", "..\base\base.vcproj", "{1832A374-8A74-4F9E-B536-69A699B3E165}"
EndProject
Project("{8BC9CEB8-8B4A-11D0-8D11-00A0C91BC942}") = "base_i18n", "..\base\base_i18n.vcproj", "{968F3222-9798-4D21-BE08-15ECB5EF2994}"
EndProject
Project("{8BC9CEB8-8B4A-11D0-8D11-00A0C91BC942}") = "base_nacl_win64", "..\base\base_nacl_win64.vcproj", "{CEE1F794-DC70-4FED-B7C4-4C12986672FE}"
EndProject
Project("{8BC9CEB8-8B4A-11D0-8D11-00A0C91BC942}") = "base_unittests", "..\base\base_unittests.vcproj", "{27A30967-4BBA-48D1-8522-CDE95F7B1CEC}"
	ProjectSection(ProjectDependencies) = postProject
		{1832A374-8A74-4F9E-B536-69A699B3E165} = {1832A374-8A74-4F9E-B536-69A699B3E165}
		{968F3222-9798-4D21-BE08-15ECB5EF2994} = {968F3222-9798-4D21-BE08-15ECB5EF2994}
		{1846F110-8263-413F-9924-36F64DD8FE41} = {1846F110-8263-413F-9924-36F64DD8FE41}
		{F9D886ED-B09F-4B74-932F-D8E4691E6B7F} = {F9D886ED-B09F-4B74-932F-D8E4691E6B7F}
		{BFE8E2A7-3B3B-43B0-A994-3058B852DB8B} = {BFE8E2A7-3B3B-43B0-A994-3058B852DB8B}
		{D3A97815-3309-44F8-B9BB-CBBE2393A454} = {D3A97815-3309-44F8-B9BB-CBBE2393A454}
		{7100F41F-868D-4E99-80A2-AF8E6574749D} = {7100F41F-868D-4E99-80A2-AF8E6574749D}
		{EF3AD1A1-5FA6-4B70-9CCC-F5AE4C6D0892} = {EF3AD1A1-5FA6-4B70-9CCC-F5AE4C6D0892}
		{734E8BCE-B176-FFC7-D86A-3A843A26342E} = {734E8BCE-B176-FFC7-D86A-3A843A26342E}
		{DA6CD78F-6A80-A996-547D-2404C4E2371B} = {DA6CD78F-6A80-A996-547D-2404C4E2371B}
		{6EAD4A4B-2BBC-4974-8E45-BB5C16CC2AC9} = {6EAD4A4B-2BBC-4974-8E45-BB5C16CC2AC9}
		{14E7F2BB-B8FC-4DC1-B04D-31C06BDFA1D9} = {14E7F2BB-B8FC-4DC1-B04D-31C06BDFA1D9}
		{9E2EFAAB-02B7-4A82-B664-1E98DF6D1953} = {9E2EFAAB-02B7-4A82-B664-1E98DF6D1953}
	EndProjectSection
EndProject
Project("{8BC9CEB8-8B4A-11D0-8D11-00A0C91BC942}") = "build_all", "build_all.vcproj", "{66068CC0-2BCC-1423-448E-93C62676EC81}"
	ProjectSection(ProjectDependencies) = postProject
		{968F3222-9798-4D21-BE08-15ECB5EF2994} = {968F3222-9798-4D21-BE08-15ECB5EF2994}
		{27A30967-4BBA-48D1-8522-CDE95F7B1CEC} = {27A30967-4BBA-48D1-8522-CDE95F7B1CEC}
		{1846F110-8263-413F-9924-36F64DD8FE41} = {1846F110-8263-413F-9924-36F64DD8FE41}
		{10A97E39-D9F4-4090-C744-8652D0D0BAC8} = {10A97E39-D9F4-4090-C744-8652D0D0BAC8}
		{1832A374-8A74-4F9E-B536-69A699B3E165} = {1832A374-8A74-4F9E-B536-69A699B3E165}
		{D6047981-23AE-4623-9373-514FDAFAE60F} = {D6047981-23AE-4623-9373-514FDAFAE60F}
		{CEE1F794-DC70-4FED-B7C4-4C12986672FE} = {CEE1F794-DC70-4FED-B7C4-4C12986672FE}
		{F94632E0-7FDB-94C8-32B7-62558BB02F73} = {F94632E0-7FDB-94C8-32B7-62558BB02F73}
		{A59F957E-A07C-0709-AE4E-48817B803E15} = {A59F957E-A07C-0709-AE4E-48817B803E15}
	EndProjectSection
EndProject
Project("{8BC9CEB8-8B4A-11D0-8D11-00A0C91BC942}") = "debug_message", "..\base\debug_message.vcproj", "{D6047981-23AE-4623-9373-514FDAFAE60F}"
EndProject
Project("{8BC9CEB8-8B4A-11D0-8D11-00A0C91BC942}") = "dynamic_annotations", "..\base\third_party\dynamic_annotations\dynamic_annotations.vcproj", "{EF3AD1A1-5FA6-4B70-9CCC-F5AE4C6D0892}"
EndProject
Project("{8BC9CEB8-8B4A-11D0-8D11-00A0C91BC942}") = "dynamic_annotations_win64", "..\base\third_party\dynamic_annotations\dynamic_annotations_win64.vcproj", "{E8055455-0065-427B-9461-34A16FAD1973}"
EndProject
Project("{8BC9CEB8-8B4A-11D0-8D11-00A0C91BC942}") = "gmock", "..\testing\gmock.vcproj", "{F9D886ED-B09F-4B74-932F-D8E4691E6B7F}"
EndProject
Project("{8BC9CEB8-8B4A-11D0-8D11-00A0C91BC942}") = "googleurl", "..\build\temp_gyp\googleurl.vcproj", "{EF5E94AB-B646-4E5B-A058-52EF07B8351C}"
	ProjectSection(ProjectDependencies) = postProject
		{D3A97815-3309-44F8-B9BB-CBBE2393A454} = {D3A97815-3309-44F8-B9BB-CBBE2393A454}
	EndProjectSection
EndProject
Project("{8BC9CEB8-8B4A-11D0-8D11-00A0C91BC942}") = "gtest", "..\testing\gtest.vcproj", "{BFE8E2A7-3B3B-43B0-A994-3058B852DB8B}"
EndProject
Project("{8BC9CEB8-8B4A-11D0-8D11-00A0C91BC942}") = "icudata", "..\third_party\icu\icudata.vcproj", "{D3A97815-3309-44F8-B9BB-CBBE2393A454}"
EndProject
Project("{8BC9CEB8-8B4A-11D0-8D11-00A0C91BC942}") = "icui18n", "..\third_party\icu\icui18n.vcproj", "{14E7F2BB-B8FC-4DC1-B04D-31C06BDFA1D9}"
EndProject
Project("{8BC9CEB8-8B4A-11D0-8D11-00A0C91BC942}") = "icuuc", "..\third_party\icu\icuuc.vcproj", "{9E2EFAAB-02B7-4A82-B664-1E98DF6D1953}"
	ProjectSection(ProjectDependencies) = postProject
		{D3A97815-3309-44F8-B9BB-CBBE2393A454} = {D3A97815-3309-44F8-B9BB-CBBE2393A454}
	EndProjectSection
EndProject
Project("{8BC9CEB8-8B4A-11D0-8D11-00A0C91BC942}") = "modp_b64", "..\third_party\modp_b64\modp_b64.vcproj", "{7100F41F-868D-4E99-80A2-AF8E6574749D}"
EndProject
Project("{8BC9CEB8-8B4A-11D0-8D11-00A0C91BC942}") = "nspr", "..\third_party\nss\nspr.vcproj", "{DA6CD78F-6A80-A996-547D-2404C4E2371B}"
EndProject
Project("{8BC9CEB8-8B4A-11D0-8D11-00A0C91BC942}") = "nss", "..\third_party\nss\nss.vcproj", "{734E8BCE-B176-FFC7-D86A-3A843A26342E}"
EndProject
Project("{8BC9CEB8-8B4A-11D0-8D11-00A0C91BC942}") = "sqlite", "..\third_party\sqlite\sqlite.vcproj", "{6EAD4A4B-2BBC-4974-8E45-BB5C16CC2AC9}"
EndProject
Project("{8BC9CEB8-8B4A-11D0-8D11-00A0C91BC942}") = "test_support_base", "..\base\test_support_base.vcproj", "{1846F110-8263-413F-9924-36F64DD8FE41}"
EndProject
Project("{8BC9CEB8-8B4A-11D0-8D11-00A0C91BC942}") = "test_support_perf", "..\base\test_support_perf.vcproj", "{10A97E39-D9F4-4090-C744-8652D0D0BAC8}"
EndProject
Project("{8BC9CEB8-8B4A-11D0-8D11-00A0C91BC942}") = "tracer_lib", "tracer\tracer_lib.vcproj", "{F94632E0-7FDB-94C8-32B7-62558BB02F73}"
EndProject
Project("{8BC9CEB8-8B4A-11D0-8D11-00A0C91BC942}") = "tracer_lib_unittests", "tracer\tracer_lib_unittests.vcproj", "{A59F957E-A07C-0709-AE4E-48817B803E15}"
	ProjectSection(ProjectDependencies) = postProject
		{F94632E0-7FDB-94C8-32B7-62558BB02F73} = {F94632E0-7FDB-94C8-32B7-62558BB02F73}
		{1832A374-8A74-4F9E-B536-69A699B3E165} = {1832A374-8A74-4F9E-B536-69A699B3E165}
		{F9D886ED-B09F-4B74-932F-D8E4691E6B7F} = {F9D886ED-B09F-4B74-932F-D8E4691E6B7F}
		{BFE8E2A7-3B3B-43B0-A994-3058B852DB8B} = {BFE8E2A7-3B3B-43B0-A994-3058B852DB8B}
		{8423AF0D-4B88-4EBF-94E1-E4D00D00E21C} = {8423AF0D-4B88-4EBF-94E1-E4D00D00E21C}
		{EF5E94AB-B646-4E5B-A058-52EF07B8351C} = {EF5E94AB-B646-4E5B-A058-52EF07B8351C}
		{7100F41F-868D-4E99-80A2-AF8E6574749D} = {7100F41F-868D-4E99-80A2-AF8E6574749D}
		{EF3AD1A1-5FA6-4B70-9CCC-F5AE4C6D0892} = {EF3AD1A1-5FA6-4B70-9CCC-F5AE4C6D0892}
		{734E8BCE-B176-FFC7-D86A-3A843A26342E} = {734E8BCE-B176-FFC7-D86A-3A843A26342E}
		{DA6CD78F-6A80-A996-547D-2404C4E2371B} = {DA6CD78F-6A80-A996-547D-2404C4E2371B}
		{6EAD4A4B-2BBC-4974-8E45-BB5C16CC2AC9} = {6EAD4A4B-2BBC-4974-8E45-BB5C16CC2AC9}
		{14E7F2BB-B8FC-4DC1-B04D-31C06BDFA1D9} = {14E7F2BB-B8FC-4DC1-B04D-31C06BDFA1D9}
		{9E2EFAAB-02B7-4A82-B664-1E98DF6D1953} = {9E2EFAAB-02B7-4A82-B664-1E98DF6D1953}
	EndProjectSection
EndProject
Project("{8BC9CEB8-8B4A-11D0-8D11-00A0C91BC942}") = "zlib", "..\third_party\zlib\zlib.vcproj", "{8423AF0D-4B88-4EBF-94E1-E4D00D00E21C}"
EndProject
Global
	GlobalSection(SolutionConfigurationPlatforms) = preSolution
		Debug|Win32 = Debug|Win32
		Release|x64 = Release|x64
		Purify|Win32 = Purify|Win32
		Purify|x64 = Purify|x64
		Debug|x64 = Debug|x64
		Release|Win32 = Release|Win32
	EndGlobalSection
	GlobalSection(ProjectConfigurationPlatforms) = postSolution
		{10A97E39-D9F4-4090-C744-8652D0D0BAC8}.Debug|Win32.ActiveCfg = Debug|Win32
		{10A97E39-D9F4-4090-C744-8652D0D0BAC8}.Debug|Win32.Build.0 = Debug|Win32
		{10A97E39-D9F4-4090-C744-8652D0D0BAC8}.Release|x64.ActiveCfg = Release|x64
		{10A97E39-D9F4-4090-C744-8652D0D0BAC8}.Release|x64.Build.0 = Release|x64
		{10A97E39-D9F4-4090-C744-8652D0D0BAC8}.Purify|Win32.ActiveCfg = Purify|Win32
		{10A97E39-D9F4-4090-C744-8652D0D0BAC8}.Purify|Win32.Build.0 = Purify|Win32
		{10A97E39-D9F4-4090-C744-8652D0D0BAC8}.Purify|x64.ActiveCfg = Purify|x64
		{10A97E39-D9F4-4090-C744-8652D0D0BAC8}.Purify|x64.Build.0 = Purify|x64
		{10A97E39-D9F4-4090-C744-8652D0D0BAC8}.Debug|x64.ActiveCfg = Debug|x64
		{10A97E39-D9F4-4090-C744-8652D0D0BAC8}.Debug|x64.Build.0 = Debug|x64
		{10A97E39-D9F4-4090-C744-8652D0D0BAC8}.Release|Win32.ActiveCfg = Release|Win32
		{10A97E39-D9F4-4090-C744-8652D0D0BAC8}.Release|Win32.Build.0 = Release|Win32
		{14E7F2BB-B8FC-4DC1-B04D-31C06BDFA1D9}.Debug|Win32.ActiveCfg = Debug|Win32
		{14E7F2BB-B8FC-4DC1-B04D-31C06BDFA1D9}.Debug|Win32.Build.0 = Debug|Win32
		{14E7F2BB-B8FC-4DC1-B04D-31C06BDFA1D9}.Release|x64.ActiveCfg = Release|x64
		{14E7F2BB-B8FC-4DC1-B04D-31C06BDFA1D9}.Release|x64.Build.0 = Release|x64
		{14E7F2BB-B8FC-4DC1-B04D-31C06BDFA1D9}.Purify|Win32.ActiveCfg = Purify|Win32
		{14E7F2BB-B8FC-4DC1-B04D-31C06BDFA1D9}.Purify|Win32.Build.0 = Purify|Win32
		{14E7F2BB-B8FC-4DC1-B04D-31C06BDFA1D9}.Purify|x64.ActiveCfg = Purify|x64
		{14E7F2BB-B8FC-4DC1-B04D-31C06BDFA1D9}.Purify|x64.Build.0 = Purify|x64
		{14E7F2BB-B8FC-4DC1-B04D-31C06BDFA1D9}.Debug|x64.ActiveCfg = Debug|x64
		{14E7F2BB-B8FC-4DC1-B04D-31C06BDFA1D9}.Debug|x64.Build.0 = Debug|x64
		{14E7F2BB-B8FC-4DC1-B04D-31C06BDFA1D9}.Release|Win32.ActiveCfg = Release|Win32
		{14E7F2BB-B8FC-4DC1-B04D-31C06BDFA1D9}.Release|Win32.Build.0 = Release|Win32
		{1832A374-8A74-4F9E-B536-69A699B3E165}.Debug|Win32.ActiveCfg = Debug|Win32
		{1832A374-8A74-4F9E-B536-69A699B3E165}.Debug|Win32.Build.0 = Debug|Win32
		{1832A374-8A74-4F9E-B536-69A699B3E165}.Release|x64.ActiveCfg = Release|x64
		{1832A374-8A74-4F9E-B536-69A699B3E165}.Release|x64.Build.0 = Release|x64
		{1832A374-8A74-4F9E-B536-69A699B3E165}.Purify|Win32.ActiveCfg = Purify|Win32
		{1832A374-8A74-4F9E-B536-69A699B3E165}.Purify|Win32.Build.0 = Purify|Win32
		{1832A374-8A74-4F9E-B536-69A699B3E165}.Purify|x64.ActiveCfg = Purify|x64
		{1832A374-8A74-4F9E-B536-69A699B3E165}.Purify|x64.Build.0 = Purify|x64
		{1832A374-8A74-4F9E-B536-69A699B3E165}.Debug|x64.ActiveCfg = Debug|x64
		{1832A374-8A74-4F9E-B536-69A699B3E165}.Debug|x64.Build.0 = Debug|x64
		{1832A374-8A74-4F9E-B536-69A699B3E165}.Release|Win32.ActiveCfg = Release|Win32
		{1832A374-8A74-4F9E-B536-69A699B3E165}.Release|Win32.Build.0 = Release|Win32
		{1846F110-8263-413F-9924-36F64DD8FE41}.Debug|Win32.ActiveCfg = Debug|Win32
		{1846F110-8263-413F-9924-36F64DD8FE41}.Debug|Win32.Build.0 = Debug|Win32
		{1846F110-8263-413F-9924-36F64DD8FE41}.Release|x64.ActiveCfg = Release|x64
		{1846F110-8263-413F-9924-36F64DD8FE41}.Release|x64.Build.0 = Release|x64
		{1846F110-8263-413F-9924-36F64DD8FE41}.Purify|Win32.ActiveCfg = Purify|Win32
		{1846F110-8263-413F-9924-36F64DD8FE41}.Purify|Win32.Build.0 = Purify|Win32
		{1846F110-8263-413F-9924-36F64DD8FE41}.Purify|x64.ActiveCfg = Purify|x64
		{1846F110-8263-413F-9924-36F64DD8FE41}.Purify|x64.Build.0 = Purify|x64
		{1846F110-8263-413F-9924-36F64DD8FE41}.Debug|x64.ActiveCfg = Debug|x64
		{1846F110-8263-413F-9924-36F64DD8FE41}.Debug|x64.Build.0 = Debug|x64
		{1846F110-8263-413F-9924-36F64DD8FE41}.Release|Win32.ActiveCfg = Release|Win32
		{1846F110-8263-413F-9924-36F64DD8FE41}.Release|Win32.Build.0 = Release|Win32
		{27A30967-4BBA-48D1-8522-CDE95F7B1CEC}.Debug|Win32.ActiveCfg = Debug|Win32
		{27A30967-4BBA-48D1-8522-CDE95F7B1CEC}.Debug|Win32.Build.0 = Debug|Win32
		{27A30967-4BBA-48D1-8522-CDE95F7B1CEC}.Release|x64.ActiveCfg = Release|x64
		{27A30967-4BBA-48D1-8522-CDE95F7B1CEC}.Release|x64.Build.0 = Release|x64
		{27A30967-4BBA-48D1-8522-CDE95F7B1CEC}.Purify|Win32.ActiveCfg = Purify|Win32
		{27A30967-4BBA-48D1-8522-CDE95F7B1CEC}.Purify|Win32.Build.0 = Purify|Win32
		{27A30967-4BBA-48D1-8522-CDE95F7B1CEC}.Purify|x64.ActiveCfg = Purify|x64
		{27A30967-4BBA-48D1-8522-CDE95F7B1CEC}.Purify|x64.Build.0 = Purify|x64
		{27A30967-4BBA-48D1-8522-CDE95F7B1CEC}.Debug|x64.ActiveCfg = Debug|x64
		{27A30967-4BBA-48D1-8522-CDE95F7B1CEC}.Debug|x64.Build.0 = Debug|x64
		{27A30967-4BBA-48D1-8522-CDE95F7B1CEC}.Release|Win32.ActiveCfg = Release|Win32
		{27A30967-4BBA-48D1-8522-CDE95F7B1CEC}.Release|Win32.Build.0 = Release|Win32
		{66068CC0-2BCC-1423-448E-93C62676EC81}.Debug|Win32.ActiveCfg = Debug|Win32
		{66068CC0-2BCC-1423-448E-93C62676EC81}.Debug|Win32.Build.0 = Debug|Win32
		{66068CC0-2BCC-1423-448E-93C62676EC81}.Release|x64.ActiveCfg = Release|x64
		{66068CC0-2BCC-1423-448E-93C62676EC81}.Release|x64.Build.0 = Release|x64
		{66068CC0-2BCC-1423-448E-93C62676EC81}.Purify|Win32.ActiveCfg = Purify|Win32
		{66068CC0-2BCC-1423-448E-93C62676EC81}.Purify|Win32.Build.0 = Purify|Win32
		{66068CC0-2BCC-1423-448E-93C62676EC81}.Purify|x64.ActiveCfg = Purify|x64
		{66068CC0-2BCC-1423-448E-93C62676EC81}.Purify|x64.Build.0 = Purify|x64
		{66068CC0-2BCC-1423-448E-93C62676EC81}.Debug|x64.ActiveCfg = Debug|x64
		{66068CC0-2BCC-1423-448E-93C62676EC81}.Debug|x64.Build.0 = Debug|x64
		{66068CC0-2BCC-1423-448E-93C62676EC81}.Release|Win32.ActiveCfg = Release|Win32
		{66068CC0-2BCC-1423-448E-93C62676EC81}.Release|Win32.Build.0 = Release|Win32
		{6EAD4A4B-2BBC-4974-8E45-BB5C16CC2AC9}.Debug|Win32.ActiveCfg = Debug|Win32
		{6EAD4A4B-2BBC-4974-8E45-BB5C16CC2AC9}.Debug|Win32.Build.0 = Debug|Win32
		{6EAD4A4B-2BBC-4974-8E45-BB5C16CC2AC9}.Release|x64.ActiveCfg = Release|x64
		{6EAD4A4B-2BBC-4974-8E45-BB5C16CC2AC9}.Release|x64.Build.0 = Release|x64
		{6EAD4A4B-2BBC-4974-8E45-BB5C16CC2AC9}.Purify|Win32.ActiveCfg = Purify|Win32
		{6EAD4A4B-2BBC-4974-8E45-BB5C16CC2AC9}.Purify|Win32.Build.0 = Purify|Win32
		{6EAD4A4B-2BBC-4974-8E45-BB5C16CC2AC9}.Purify|x64.ActiveCfg = Purify|x64
		{6EAD4A4B-2BBC-4974-8E45-BB5C16CC2AC9}.Purify|x64.Build.0 = Purify|x64
		{6EAD4A4B-2BBC-4974-8E45-BB5C16CC2AC9}.Debug|x64.ActiveCfg = Debug|x64
		{6EAD4A4B-2BBC-4974-8E45-BB5C16CC2AC9}.Debug|x64.Build.0 = Debug|x64
		{6EAD4A4B-2BBC-4974-8E45-BB5C16CC2AC9}.Release|Win32.ActiveCfg = Release|Win32
		{6EAD4A4B-2BBC-4974-8E45-BB5C16CC2AC9}.Release|Win32.Build.0 = Release|Win32
		{7100F41F-868D-4E99-80A2-AF8E6574749D}.Debug|Win32.ActiveCfg = Debug|Win32
		{7100F41F-868D-4E99-80A2-AF8E6574749D}.Debug|Win32.Build.0 = Debug|Win32
		{7100F41F-868D-4E99-80A2-AF8E6574749D}.Release|x64.ActiveCfg = Release|x64
		{7100F41F-868D-4E99-80A2-AF8E6574749D}.Release|x64.Build.0 = Release|x64
		{7100F41F-868D-4E99-80A2-AF8E6574749D}.Purify|Win32.ActiveCfg = Purify|Win32
		{7100F41F-868D-4E99-80A2-AF8E6574749D}.Purify|Win32.Build.0 = Purify|Win32
		{7100F41F-868D-4E99-80A2-AF8E6574749D}.Purify|x64.ActiveCfg = Purify|x64
		{7100F41F-868D-4E99-80A2-AF8E6574749D}.Purify|x64.Build.0 = Purify|x64
		{7100F41F-868D-4E99-80A2-AF8E6574749D}.Debug|x64.ActiveCfg = Debug|x64
		{7100F41F-868D-4E99-80A2-AF8E6574749D}.Debug|x64.Build.0 = Debug|x64
		{7100F41F-868D-4E99-80A2-AF8E6574749D}.Release|Win32.ActiveCfg = Release|Win32
		{7100F41F-868D-4E99-80A2-AF8E6574749D}.Release|Win32.Build.0 = Release|Win32
		{734E8BCE-B176-FFC7-D86A-3A843A26342E}.Debug|Win32.ActiveCfg = Debug|Win32
		{734E8BCE-B176-FFC7-D86A-3A843A26342E}.Debug|Win32.Build.0 = Debug|Win32
		{734E8BCE-B176-FFC7-D86A-3A843A26342E}.Release|x64.ActiveCfg = Release|x64
		{734E8BCE-B176-FFC7-D86A-3A843A26342E}.Release|x64.Build.0 = Release|x64
		{734E8BCE-B176-FFC7-D86A-3A843A26342E}.Purify|Win32.ActiveCfg = Purify|Win32
		{734E8BCE-B176-FFC7-D86A-3A843A26342E}.Purify|Win32.Build.0 = Purify|Win32
		{734E8BCE-B176-FFC7-D86A-3A843A26342E}.Purify|x64.ActiveCfg = Purify|x64
		{734E8BCE-B176-FFC7-D86A-3A843A26342E}.Purify|x64.Build.0 = Purify|x64
		{734E8BCE-B176-FFC7-D86A-3A843A26342E}.Debug|x64.ActiveCfg = Debug|x64
		{734E8BCE-B176-FFC7-D86A-3A843A26342E}.Debug|x64.Build.0 = Debug|x64
		{734E8BCE-B176-FFC7-D86A-3A843A26342E}.Release|Win32.ActiveCfg = Release|Win32
		{734E8BCE-B176-FFC7-D86A-3A843A26342E}.Release|Win32.Build.0 = Release|Win32
		{8423AF0D-4B88-4EBF-94E1-E4D00D00E21C}.Debug|Win32.ActiveCfg = Debug|Win32
		{8423AF0D-4B88-4EBF-94E1-E4D00D00E21C}.Debug|Win32.Build.0 = Debug|Win32
		{8423AF0D-4B88-4EBF-94E1-E4D00D00E21C}.Release|x64.ActiveCfg = Release|x64
		{8423AF0D-4B88-4EBF-94E1-E4D00D00E21C}.Release|x64.Build.0 = Release|x64
		{8423AF0D-4B88-4EBF-94E1-E4D00D00E21C}.Purify|Win32.ActiveCfg = Purify|Win32
		{8423AF0D-4B88-4EBF-94E1-E4D00D00E21C}.Purify|Win32.Build.0 = Purify|Win32
		{8423AF0D-4B88-4EBF-94E1-E4D00D00E21C}.Purify|x64.ActiveCfg = Purify|x64
		{8423AF0D-4B88-4EBF-94E1-E4D00D00E21C}.Purify|x64.Build.0 = Purify|x64
		{8423AF0D-4B88-4EBF-94E1-E4D00D00E21C}.Debug|x64.ActiveCfg = Debug|x64
		{8423AF0D-4B88-4EBF-94E1-E4D00D00E21C}.Debug|x64.Build.0 = Debug|x64
		{8423AF0D-4B88-4EBF-94E1-E4D00D00E21C}.Release|Win32.ActiveCfg = Release|Win32
		{8423AF0D-4B88-4EBF-94E1-E4D00D00E21C}.Release|Win32.Build.0 = Release|Win32
		{968F3222-9798-4D21-BE08-15ECB5EF2994}.Debug|Win32.ActiveCfg = Debug|Win32
		{968F3222-9798-4D21-BE08-15ECB5EF2994}.Debug|Win32.Build.0 = Debug|Win32
		{968F3222-9798-4D21-BE08-15ECB5EF2994}.Release|x64.ActiveCfg = Release|x64
		{968F3222-9798-4D21-BE08-15ECB5EF2994}.Release|x64.Build.0 = Release|x64
		{968F3222-9798-4D21-BE08-15ECB5EF2994}.Purify|Win32.ActiveCfg = Purify|Win32
		{968F3222-9798-4D21-BE08-15ECB5EF2994}.Purify|Win32.Build.0 = Purify|Win32
		{968F3222-9798-4D21-BE08-15ECB5EF2994}.Purify|x64.ActiveCfg = Purify|x64
		{968F3222-9798-4D21-BE08-15ECB5EF2994}.Purify|x64.Build.0 = Purify|x64
		{968F3222-9798-4D21-BE08-15ECB5EF2994}.Debug|x64.ActiveCfg = Debug|x64
		{968F3222-9798-4D21-BE08-15ECB5EF2994}.Debug|x64.Build.0 = Debug|x64
		{968F3222-9798-4D21-BE08-15ECB5EF2994}.Release|Win32.ActiveCfg = Release|Win32
		{968F3222-9798-4D21-BE08-15ECB5EF2994}.Release|Win32.Build.0 = Release|Win32
		{9E2EFAAB-02B7-4A82-B664-1E98DF6D1953}.Debug|Win32.ActiveCfg = Debug|Win32
		{9E2EFAAB-02B7-4A82-B664-1E98DF6D1953}.Debug|Win32.Build.0 = Debug|Win32
		{9E2EFAAB-02B7-4A82-B664-1E98DF6D1953}.Release|x64.ActiveCfg = Release|x64
		{9E2EFAAB-02B7-4A82-B664-1E98DF6D1953}.Release|x64.Build.0 = Release|x64
		{9E2EFAAB-02B7-4A82-B664-1E98DF6D1953}.Purify|Win32.ActiveCfg = Purify|Win32
		{9E2EFAAB-02B7-4A82-B664-1E98DF6D1953}.Purify|Win32.Build.0 = Purify|Win32
		{9E2EFAAB-02B7-4A82-B664-1E98DF6D1953}.Purify|x64.ActiveCfg = Purify|x64
		{9E2EFAAB-02B7-4A82-B664-1E98DF6D1953}.Purify|x64.Build.0 = Purify|x64
		{9E2EFAAB-02B7-4A82-B664-1E98DF6D1953}.Debug|x64.ActiveCfg = Debug|x64
		{9E2EFAAB-02B7-4A82-B664-1E98DF6D1953}.Debug|x64.Build.0 = Debug|x64
		{9E2EFAAB-02B7-4A82-B664-1E98DF6D1953}.Release|Win32.ActiveCfg = Release|Win32
		{9E2EFAAB-02B7-4A82-B664-1E98DF6D1953}.Release|Win32.Build.0 = Release|Win32
		{A59F957E-A07C-0709-AE4E-48817B803E15}.Debug|Win32.ActiveCfg = Debug|Win32
		{A59F957E-A07C-0709-AE4E-48817B803E15}.Debug|Win32.Build.0 = Debug|Win32
		{A59F957E-A07C-0709-AE4E-48817B803E15}.Release|x64.ActiveCfg = Release|x64
		{A59F957E-A07C-0709-AE4E-48817B803E15}.Release|x64.Build.0 = Release|x64
		{A59F957E-A07C-0709-AE4E-48817B803E15}.Purify|Win32.ActiveCfg = Purify|Win32
		{A59F957E-A07C-0709-AE4E-48817B803E15}.Purify|Win32.Build.0 = Purify|Win32
		{A59F957E-A07C-0709-AE4E-48817B803E15}.Purify|x64.ActiveCfg = Purify|x64
		{A59F957E-A07C-0709-AE4E-48817B803E15}.Purify|x64.Build.0 = Purify|x64
		{A59F957E-A07C-0709-AE4E-48817B803E15}.Debug|x64.ActiveCfg = Debug|x64
		{A59F957E-A07C-0709-AE4E-48817B803E15}.Debug|x64.Build.0 = Debug|x64
		{A59F957E-A07C-0709-AE4E-48817B803E15}.Release|Win32.ActiveCfg = Release|Win32
		{A59F957E-A07C-0709-AE4E-48817B803E15}.Release|Win32.Build.0 = Release|Win32
		{BFE8E2A7-3B3B-43B0-A994-3058B852DB8B}.Debug|Win32.ActiveCfg = Debug|Win32
		{BFE8E2A7-3B3B-43B0-A994-3058B852DB8B}.Debug|Win32.Build.0 = Debug|Win32
		{BFE8E2A7-3B3B-43B0-A994-3058B852DB8B}.Release|x64.ActiveCfg = Release|x64
		{BFE8E2A7-3B3B-43B0-A994-3058B852DB8B}.Release|x64.Build.0 = Release|x64
		{BFE8E2A7-3B3B-43B0-A994-3058B852DB8B}.Purify|Win32.ActiveCfg = Purify|Win32
		{BFE8E2A7-3B3B-43B0-A994-3058B852DB8B}.Purify|Win32.Build.0 = Purify|Win32
		{BFE8E2A7-3B3B-43B0-A994-3058B852DB8B}.Purify|x64.ActiveCfg = Purify|x64
		{BFE8E2A7-3B3B-43B0-A994-3058B852DB8B}.Purify|x64.Build.0 = Purify|x64
		{BFE8E2A7-3B3B-43B0-A994-3058B852DB8B}.Debug|x64.ActiveCfg = Debug|x64
		{BFE8E2A7-3B3B-43B0-A994-3058B852DB8B}.Debug|x64.Build.0 = Debug|x64
		{BFE8E2A7-3B3B-43B0-A994-3058B852DB8B}.Release|Win32.ActiveCfg = Release|Win32
		{BFE8E2A7-3B3B-43B0-A994-3058B852DB8B}.Release|Win32.Build.0 = Release|Win32
		{CEE1F794-DC70-4FED-B7C4-4C12986672FE}.Debug|Win32.ActiveCfg = Debug|x64
		{CEE1F794-DC70-4FED-B7C4-4C12986672FE}.Debug|Win32.Build.0 = Debug|x64
		{CEE1F794-DC70-4FED-B7C4-4C12986672FE}.Release|x64.ActiveCfg = Release|x64
		{CEE1F794-DC70-4FED-B7C4-4C12986672FE}.Release|x64.Build.0 = Release|x64
		{CEE1F794-DC70-4FED-B7C4-4C12986672FE}.Purify|Win32.ActiveCfg = Purify|x64
		{CEE1F794-DC70-4FED-B7C4-4C12986672FE}.Purify|Win32.Build.0 = Purify|x64
		{CEE1F794-DC70-4FED-B7C4-4C12986672FE}.Purify|x64.ActiveCfg = Purify|x64
		{CEE1F794-DC70-4FED-B7C4-4C12986672FE}.Purify|x64.Build.0 = Purify|x64
		{CEE1F794-DC70-4FED-B7C4-4C12986672FE}.Debug|x64.ActiveCfg = Debug|x64
		{CEE1F794-DC70-4FED-B7C4-4C12986672FE}.Debug|x64.Build.0 = Debug|x64
		{CEE1F794-DC70-4FED-B7C4-4C12986672FE}.Release|Win32.ActiveCfg = Release|x64
		{CEE1F794-DC70-4FED-B7C4-4C12986672FE}.Release|Win32.Build.0 = Release|x64
		{D3A97815-3309-44F8-B9BB-CBBE2393A454}.Debug|Win32.ActiveCfg = Debug|Win32
		{D3A97815-3309-44F8-B9BB-CBBE2393A454}.Debug|Win32.Build.0 = Debug|Win32
		{D3A97815-3309-44F8-B9BB-CBBE2393A454}.Release|x64.ActiveCfg = Release|x64
		{D3A97815-3309-44F8-B9BB-CBBE2393A454}.Release|x64.Build.0 = Release|x64
		{D3A97815-3309-44F8-B9BB-CBBE2393A454}.Purify|Win32.ActiveCfg = Purify|Win32
		{D3A97815-3309-44F8-B9BB-CBBE2393A454}.Purify|Win32.Build.0 = Purify|Win32
		{D3A97815-3309-44F8-B9BB-CBBE2393A454}.Purify|x64.ActiveCfg = Purify|x64
		{D3A97815-3309-44F8-B9BB-CBBE2393A454}.Purify|x64.Build.0 = Purify|x64
		{D3A97815-3309-44F8-B9BB-CBBE2393A454}.Debug|x64.ActiveCfg = Debug|x64
		{D3A97815-3309-44F8-B9BB-CBBE2393A454}.Debug|x64.Build.0 = Debug|x64
		{D3A97815-3309-44F8-B9BB-CBBE2393A454}.Release|Win32.ActiveCfg = Release|Win32
		{D3A97815-3309-44F8-B9BB-CBBE2393A454}.Release|Win32.Build.0 = Release|Win32
		{D6047981-23AE-4623-9373-514FDAFAE60F}.Debug|Win32.ActiveCfg = Debug|Win32
		{D6047981-23AE-4623-9373-514FDAFAE60F}.Debug|Win32.Build.0 = Debug|Win32
		{D6047981-23AE-4623-9373-514FDAFAE60F}.Release|x64.ActiveCfg = Release|x64
		{D6047981-23AE-4623-9373-514FDAFAE60F}.Release|x64.Build.0 = Release|x64
		{D6047981-23AE-4623-9373-514FDAFAE60F}.Purify|Win32.ActiveCfg = Purify|Win32
		{D6047981-23AE-4623-9373-514FDAFAE60F}.Purify|Win32.Build.0 = Purify|Win32
		{D6047981-23AE-4623-9373-514FDAFAE60F}.Purify|x64.ActiveCfg = Purify|x64
		{D6047981-23AE-4623-9373-514FDAFAE60F}.Purify|x64.Build.0 = Purify|x64
		{D6047981-23AE-4623-9373-514FDAFAE60F}.Debug|x64.ActiveCfg = Debug|x64
		{D6047981-23AE-4623-9373-514FDAFAE60F}.Debug|x64.Build.0 = Debug|x64
		{D6047981-23AE-4623-9373-514FDAFAE60F}.Release|Win32.ActiveCfg = Release|Win32
		{D6047981-23AE-4623-9373-514FDAFAE60F}.Release|Win32.Build.0 = Release|Win32
		{DA6CD78F-6A80-A996-547D-2404C4E2371B}.Debug|Win32.ActiveCfg = Debug|Win32
		{DA6CD78F-6A80-A996-547D-2404C4E2371B}.Debug|Win32.Build.0 = Debug|Win32
		{DA6CD78F-6A80-A996-547D-2404C4E2371B}.Release|x64.ActiveCfg = Release|x64
		{DA6CD78F-6A80-A996-547D-2404C4E2371B}.Release|x64.Build.0 = Release|x64
		{DA6CD78F-6A80-A996-547D-2404C4E2371B}.Purify|Win32.ActiveCfg = Purify|Win32
		{DA6CD78F-6A80-A996-547D-2404C4E2371B}.Purify|Win32.Build.0 = Purify|Win32
		{DA6CD78F-6A80-A996-547D-2404C4E2371B}.Purify|x64.ActiveCfg = Purify|x64
		{DA6CD78F-6A80-A996-547D-2404C4E2371B}.Purify|x64.Build.0 = Purify|x64
		{DA6CD78F-6A80-A996-547D-2404C4E2371B}.Debug|x64.ActiveCfg = Debug|x64
		{DA6CD78F-6A80-A996-547D-2404C4E2371B}.Debug|x64.Build.0 = Debug|x64
		{DA6CD78F-6A80-A996-547D-2404C4E2371B}.Release|Win32.ActiveCfg = Release|Win32
		{DA6CD78F-6A80-A996-547D-2404C4E2371B}.Release|Win32.Build.0 = Release|Win32
		{E8055455-0065-427B-9461-34A16FAD1973}.Debug|Win32.ActiveCfg = Debug|x64
		{E8055455-0065-427B-9461-34A16FAD1973}.Debug|Win32.Build.0 = Debug|x64
		{E8055455-0065-427B-9461-34A16FAD1973}.Release|x64.ActiveCfg = Release|x64
		{E8055455-0065-427B-9461-34A16FAD1973}.Release|x64.Build.0 = Release|x64
		{E8055455-0065-427B-9461-34A16FAD1973}.Purify|Win32.ActiveCfg = Purify|x64
		{E8055455-0065-427B-9461-34A16FAD1973}.Purify|Win32.Build.0 = Purify|x64
		{E8055455-0065-427B-9461-34A16FAD1973}.Purify|x64.ActiveCfg = Purify|x64
		{E8055455-0065-427B-9461-34A16FAD1973}.Purify|x64.Build.0 = Purify|x64
		{E8055455-0065-427B-9461-34A16FAD1973}.Debug|x64.ActiveCfg = Debug|x64
		{E8055455-0065-427B-9461-34A16FAD1973}.Debug|x64.Build.0 = Debug|x64
		{E8055455-0065-427B-9461-34A16FAD1973}.Release|Win32.ActiveCfg = Release|x64
		{E8055455-0065-427B-9461-34A16FAD1973}.Release|Win32.Build.0 = Release|x64
		{EF3AD1A1-5FA6-4B70-9CCC-F5AE4C6D0892}.Debug|Win32.ActiveCfg = Debug|Win32
		{EF3AD1A1-5FA6-4B70-9CCC-F5AE4C6D0892}.Debug|Win32.Build.0 = Debug|Win32
		{EF3AD1A1-5FA6-4B70-9CCC-F5AE4C6D0892}.Release|x64.ActiveCfg = Release|x64
		{EF3AD1A1-5FA6-4B70-9CCC-F5AE4C6D0892}.Release|x64.Build.0 = Release|x64
		{EF3AD1A1-5FA6-4B70-9CCC-F5AE4C6D0892}.Purify|Win32.ActiveCfg = Purify|Win32
		{EF3AD1A1-5FA6-4B70-9CCC-F5AE4C6D0892}.Purify|Win32.Build.0 = Purify|Win32
		{EF3AD1A1-5FA6-4B70-9CCC-F5AE4C6D0892}.Purify|x64.ActiveCfg = Purify|x64
		{EF3AD1A1-5FA6-4B70-9CCC-F5AE4C6D0892}.Purify|x64.Build.0 = Purify|x64
		{EF3AD1A1-5FA6-4B70-9CCC-F5AE4C6D0892}.Debug|x64.ActiveCfg = Debug|x64
		{EF3AD1A1-5FA6-4B70-9CCC-F5AE4C6D0892}.Debug|x64.Build.0 = Debug|x64
		{EF3AD1A1-5FA6-4B70-9CCC-F5AE4C6D0892}.Release|Win32.ActiveCfg = Release|Win32
		{EF3AD1A1-5FA6-4B70-9CCC-F5AE4C6D0892}.Release|Win32.Build.0 = Release|Win32
		{EF5E94AB-B646-4E5B-A058-52EF07B8351C}.Debug|Win32.ActiveCfg = Debug|Win32
		{EF5E94AB-B646-4E5B-A058-52EF07B8351C}.Debug|Win32.Build.0 = Debug|Win32
		{EF5E94AB-B646-4E5B-A058-52EF07B8351C}.Release|x64.ActiveCfg = Release|x64
		{EF5E94AB-B646-4E5B-A058-52EF07B8351C}.Release|x64.Build.0 = Release|x64
		{EF5E94AB-B646-4E5B-A058-52EF07B8351C}.Purify|Win32.ActiveCfg = Purify|Win32
		{EF5E94AB-B646-4E5B-A058-52EF07B8351C}.Purify|Win32.Build.0 = Purify|Win32
		{EF5E94AB-B646-4E5B-A058-52EF07B8351C}.Purify|x64.ActiveCfg = Purify|x64
		{EF5E94AB-B646-4E5B-A058-52EF07B8351C}.Purify|x64.Build.0 = Purify|x64
		{EF5E94AB-B646-4E5B-A058-52EF07B8351C}.Debug|x64.ActiveCfg = Debug|x64
		{EF5E94AB-B646-4E5B-A058-52EF07B8351C}.Debug|x64.Build.0 = Debug|x64
		{EF5E94AB-B646-4E5B-A058-52EF07B8351C}.Release|Win32.ActiveCfg = Release|Win32
		{EF5E94AB-B646-4E5B-A058-52EF07B8351C}.Release|Win32.Build.0 = Release|Win32
		{F94632E0-7FDB-94C8-32B7-62558BB02F73}.Debug|Win32.ActiveCfg = Debug|Win32
		{F94632E0-7FDB-94C8-32B7-62558BB02F73}.Debug|Win32.Build.0 = Debug|Win32
		{F94632E0-7FDB-94C8-32B7-62558BB02F73}.Release|x64.ActiveCfg = Release|x64
		{F94632E0-7FDB-94C8-32B7-62558BB02F73}.Release|x64.Build.0 = Release|x64
		{F94632E0-7FDB-94C8-32B7-62558BB02F73}.Purify|Win32.ActiveCfg = Purify|Win32
		{F94632E0-7FDB-94C8-32B7-62558BB02F73}.Purify|Win32.Build.0 = Purify|Win32
		{F94632E0-7FDB-94C8-32B7-62558BB02F73}.Purify|x64.ActiveCfg = Purify|x64
		{F94632E0-7FDB-94C8-32B7-62558BB02F73}.Purify|x64.Build.0 = Purify|x64
		{F94632E0-7FDB-94C8-32B7-62558BB02F73}.Debug|x64.ActiveCfg = Debug|x64
		{F94632E0-7FDB-94C8-32B7-62558BB02F73}.Debug|x64.Build.0 = Debug|x64
		{F94632E0-7FDB-94C8-32B7-62558BB02F73}.Release|Win32.ActiveCfg = Release|Win32
		{F94632E0-7FDB-94C8-32B7-62558BB02F73}.Release|Win32.Build.0 = Release|Win32
		{F9D886ED-B09F-4B74-932F-D8E4691E6B7F}.Debug|Win32.ActiveCfg = Debug|Win32
		{F9D886ED-B09F-4B74-932F-D8E4691E6B7F}.Debug|Win32.Build.0 = Debug|Win32
		{F9D886ED-B09F-4B74-932F-D8E4691E6B7F}.Release|x64.ActiveCfg = Release|x64
		{F9D886ED-B09F-4B74-932F-D8E4691E6B7F}.Release|x64.Build.0 = Release|x64
		{F9D886ED-B09F-4B74-932F-D8E4691E6B7F}.Purify|Win32.ActiveCfg = Purify|Win32
		{F9D886ED-B09F-4B74-932F-D8E4691E6B7F}.Purify|Win32.Build.0 = Purify|Win32
		{F9D886ED-B09F-4B74-932F-D8E4691E6B7F}.Purify|x64.ActiveCfg = Purify|x64
		{F9D886ED-B09F-4B74-932F-D8E4691E6B7F}.Purify|x64.Build.0 = Purify|x64
		{F9D886ED-B09F-4B74-932F-D8E4691E6B7F}.Debug|x64.ActiveCfg = Debug|x64
		{F9D886ED-B09F-4B74-932F-D8E4691E6B7F}.Debug|x64.Build.0 = Debug|x64
		{F9D886ED-B09F-4B74-932F-D8E4691E6B7F}.Release|Win32.ActiveCfg = Release|Win32
		{F9D886ED-B09F-4B74-932F-D8E4691E6B7F}.Release|Win32.Build.0 = Release|Win32
	EndGlobalSection
	GlobalSection(SolutionProperties) = preSolution
		HideSolutionNode = FALSE
	EndGlobalSection
	GlobalSection(NestedProjects) = preSolution
		{3E7FA5AF-27B3-2DE0-883C-12F98E7F4E81} = {9785FB75-982A-5DE3-252D-3F288B9FEF5B}
		{D6047981-23AE-4623-9373-514FDAFAE60F} = {9785FB75-982A-5DE3-252D-3F288B9FEF5B}
		{968F3222-9798-4D21-BE08-15ECB5EF2994} = {9785FB75-982A-5DE3-252D-3F288B9FEF5B}
		{27A30967-4BBA-48D1-8522-CDE95F7B1CEC} = {9785FB75-982A-5DE3-252D-3F288B9FEF5B}
		{CEE1F794-DC70-4FED-B7C4-4C12986672FE} = {9785FB75-982A-5DE3-252D-3F288B9FEF5B}
		{10A97E39-D9F4-4090-C744-8652D0D0BAC8} = {9785FB75-982A-5DE3-252D-3F288B9FEF5B}
		{1832A374-8A74-4F9E-B536-69A699B3E165} = {9785FB75-982A-5DE3-252D-3F288B9FEF5B}
		{1846F110-8263-413F-9924-36F64DD8FE41} = {9785FB75-982A-5DE3-252D-3F288B9FEF5B}
		{299D9456-929B-5224-943D-BFC2576C69EA} = {BC1FC5DA-9C54-7D77-0BFF-DEDDFD7A8F6C}
		{EF3AD1A1-5FA6-4B70-9CCC-F5AE4C6D0892} = {EF1E4970-C119-B0D7-F5D6-321C6AE66EDC}
		{E8055455-0065-427B-9461-34A16FAD1973} = {EF1E4970-C119-B0D7-F5D6-321C6AE66EDC}
		{14E7F2BB-B8FC-4DC1-B04D-31C06BDFA1D9} = {2DE59335-96CE-10CA-CDE5-FEC35E3549BB}
		{9E2EFAAB-02B7-4A82-B664-1E98DF6D1953} = {2DE59335-96CE-10CA-CDE5-FEC35E3549BB}
		{D3A97815-3309-44F8-B9BB-CBBE2393A454} = {2DE59335-96CE-10CA-CDE5-FEC35E3549BB}
		{734E8BCE-B176-FFC7-D86A-3A843A26342E} = {CD014008-1CDB-809B-D770-C67A261539F7}
		{DA6CD78F-6A80-A996-547D-2404C4E2371B} = {CD014008-1CDB-809B-D770-C67A261539F7}
		{EC7A8876-AEF7-407F-0781-624A652F9AB7} = {2C7350D7-3D9C-D5D4-97E2-56CC9BA9DE0C}
		{66068CC0-2BCC-1423-448E-93C62676EC81} = {2C7350D7-3D9C-D5D4-97E2-56CC9BA9DE0C}
		{EF5E94AB-B646-4E5B-A058-52EF07B8351C} = {299D9456-929B-5224-943D-BFC2576C69EA}
		{F9D886ED-B09F-4B74-932F-D8E4691E6B7F} = {EAC80D00-01D2-3F49-A377-20B7154947F3}
		{BFE8E2A7-3B3B-43B0-A994-3058B852DB8B} = {EAC80D00-01D2-3F49-A377-20B7154947F3}
		{EF1E4970-C119-B0D7-F5D6-321C6AE66EDC} = {3E7FA5AF-27B3-2DE0-883C-12F98E7F4E81}
		{CD014008-1CDB-809B-D770-C67A261539F7} = {89C816A7-DD31-D54C-C69C-5A80E0C49B77}
		{7100F41F-868D-4E99-80A2-AF8E6574749D} = {89C816A7-DD31-D54C-C69C-5A80E0C49B77}
		{6EAD4A4B-2BBC-4974-8E45-BB5C16CC2AC9} = {89C816A7-DD31-D54C-C69C-5A80E0C49B77}
		{8423AF0D-4B88-4EBF-94E1-E4D00D00E21C} = {89C816A7-DD31-D54C-C69C-5A80E0C49B77}
		{2DE59335-96CE-10CA-CDE5-FEC35E3549BB} = {89C816A7-DD31-D54C-C69C-5A80E0C49B77}
		{A59F957E-A07C-0709-AE4E-48817B803E15} = {EC7A8876-AEF7-407F-0781-624A652F9AB7}
		{F94632E0-7FDB-94C8-32B7-62558BB02F73} = {EC7A8876-AEF7-407F-0781-624A652F9AB7}
	EndGlobalSection
EndGlobal
